// !$*UTF8*$!
{
	archiveVersion = 1;
	classes = {
	};
	objectVersion = 46;
	objects = {

/* Begin PBXBuildFile section */
		974496BD1E78246100F80197 /* AppDelegate.swift in Sources */ = {isa = PBXBuildFile; fileRef = 974496BC1E78246100F80197 /* AppDelegate.swift */; };
		974496BF1E78246100F80197 /* ViewController.swift in Sources */ = {isa = PBXBuildFile; fileRef = 974496BE1E78246100F80197 /* ViewController.swift */; };
		974496C21E78246100F80197 /* Main.storyboard in Resources */ = {isa = PBXBuildFile; fileRef = 974496C01E78246100F80197 /* Main.storyboard */; };
		974496C41E78246100F80197 /* Assets.xcassets in Resources */ = {isa = PBXBuildFile; fileRef = 974496C31E78246100F80197 /* Assets.xcassets */; };
		974496C71E78246100F80197 /* LaunchScreen.storyboard in Resources */ = {isa = PBXBuildFile; fileRef = 974496C51E78246100F80197 /* LaunchScreen.storyboard */; };
		974496D21E78246100F80197 /* LonghornTestTests.swift in Sources */ = {isa = PBXBuildFile; fileRef = 974496D11E78246100F80197 /* LonghornTestTests.swift */; };
		974496DD1E78246100F80197 /* LonghornTestUITests.swift in Sources */ = {isa = PBXBuildFile; fileRef = 974496DC1E78246100F80197 /* LonghornTestUITests.swift */; };
/* End PBXBuildFile section */

/* Begin PBXContainerItemProxy section */
		974496CE1E78246100F80197 /* PBXContainerItemProxy */ = {
			isa = PBXContainerItemProxy;
			containerPortal = 974496B11E78246100F80197 /* Project object */;
			proxyType = 1;
			remoteGlobalIDString = 974496B81E78246100F80197;
			remoteInfo = LonghornTest;
		};
		974496D91E78246100F80197 /* PBXContainerItemProxy */ = {
			isa = PBXContainerItemProxy;
			containerPortal = 974496B11E78246100F80197 /* Project object */;
			proxyType = 1;
			remoteGlobalIDString = 974496B81E78246100F80197;
			remoteInfo = LonghornTest;
		};
/* End PBXContainerItemProxy section */

/* Begin PBXFileReference section */
		974496B91E78246100F80197 /* LonghornTest.app */ = {isa = PBXFileReference; explicitFileType = wrapper.application; includeInIndex = 0; path = LonghornTest.app; sourceTree = BUILT_PRODUCTS_DIR; };
		974496BC1E78246100F80197 /* AppDelegate.swift */ = {isa = PBXFileReference; lastKnownFileType = sourcecode.swift; path = AppDelegate.swift; sourceTree = "<group>"; };
		974496BE1E78246100F80197 /* ViewController.swift */ = {isa = PBXFileReference; lastKnownFileType = sourcecode.swift; path = ViewController.swift; sourceTree = "<group>"; };
		974496C11E78246100F80197 /* Base */ = {isa = PBXFileReference; lastKnownFileType = file.storyboard; name = Base; path = Base.lproj/Main.storyboard; sourceTree = "<group>"; };
		974496C31E78246100F80197 /* Assets.xcassets */ = {isa = PBXFileReference; lastKnownFileType = folder.assetcatalog; path = Assets.xcassets; sourceTree = "<group>"; };
		974496C61E78246100F80197 /* Base */ = {isa = PBXFileReference; lastKnownFileType = file.storyboard; name = Base; path = Base.lproj/LaunchScreen.storyboard; sourceTree = "<group>"; };
		974496C81E78246100F80197 /* Info.plist */ = {isa = PBXFileReference; lastKnownFileType = text.plist.xml; path = Info.plist; sourceTree = "<group>"; };
		974496CD1E78246100F80197 /* LonghornTestTests.xctest */ = {isa = PBXFileReference; explicitFileType = wrapper.cfbundle; includeInIndex = 0; path = LonghornTestTests.xctest; sourceTree = BUILT_PRODUCTS_DIR; };
		974496D11E78246100F80197 /* LonghornTestTests.swift */ = {isa = PBXFileReference; lastKnownFileType = sourcecode.swift; path = LonghornTestTests.swift; sourceTree = "<group>"; };
		974496D31E78246100F80197 /* Info.plist */ = {isa = PBXFileReference; lastKnownFileType = text.plist.xml; path = Info.plist; sourceTree = "<group>"; };
		974496D81E78246100F80197 /* LonghornTestUITests.xctest */ = {isa = PBXFileReference; explicitFileType = wrapper.cfbundle; includeInIndex = 0; path = LonghornTestUITests.xctest; sourceTree = BUILT_PRODUCTS_DIR; };
		974496DC1E78246100F80197 /* LonghornTestUITests.swift */ = {isa = PBXFileReference; lastKnownFileType = sourcecode.swift; path = LonghornTestUITests.swift; sourceTree = "<group>"; };
		974496DE1E78246100F80197 /* Info.plist */ = {isa = PBXFileReference; lastKnownFileType = text.plist.xml; path = Info.plist; sourceTree = "<group>"; };
/* End PBXFileReference section */

/* Begin PBXFrameworksBuildPhase section */
		974496B61E78246100F80197 /* Frameworks */ = {
			isa = PBXFrameworksBuildPhase;
			buildActionMask = 2147483647;
			files = (
			);
			runOnlyForDeploymentPostprocessing = 0;
		};
		974496CA1E78246100F80197 /* Frameworks */ = {
			isa = PBXFrameworksBuildPhase;
			buildActionMask = 2147483647;
			files = (
			);
			runOnlyForDeploymentPostprocessing = 0;
		};
		974496D51E78246100F80197 /* Frameworks */ = {
			isa = PBXFrameworksBuildPhase;
			buildActionMask = 2147483647;
			files = (
			);
			runOnlyForDeploymentPostprocessing = 0;
		};
/* End PBXFrameworksBuildPhase section */

/* Begin PBXGroup section */
		974496B01E78246100F80197 = {
			isa = PBXGroup;
			children = (
				974496BB1E78246100F80197 /* LonghornTest */,
				974496D01E78246100F80197 /* LonghornTestTests */,
				974496DB1E78246100F80197 /* LonghornTestUITests */,
				974496BA1E78246100F80197 /* Products */,
			);
			sourceTree = "<group>";
		};
		974496BA1E78246100F80197 /* Products */ = {
			isa = PBXGroup;
			children = (
				974496B91E78246100F80197 /* LonghornTest.app */,
				974496CD1E78246100F80197 /* LonghornTestTests.xctest */,
				974496D81E78246100F80197 /* LonghornTestUITests.xctest */,
			);
			name = Products;
			sourceTree = "<group>";
		};
		974496BB1E78246100F80197 /* LonghornTest */ = {
			isa = PBXGroup;
			children = (
				974496BC1E78246100F80197 /* AppDelegate.swift */,
				974496BE1E78246100F80197 /* ViewController.swift */,
				974496C01E78246100F80197 /* Main.storyboard */,
				974496C31E78246100F80197 /* Assets.xcassets */,
				974496C51E78246100F80197 /* LaunchScreen.storyboard */,
				974496C81E78246100F80197 /* Info.plist */,
			);
			path = LonghornTest;
			sourceTree = "<group>";
		};
		974496D01E78246100F80197 /* LonghornTestTests */ = {
			isa = PBXGroup;
			children = (
				974496D11E78246100F80197 /* LonghornTestTests.swift */,
				974496D31E78246100F80197 /* Info.plist */,
			);
			path = LonghornTestTests;
			sourceTree = "<group>";
		};
		974496DB1E78246100F80197 /* LonghornTestUITests */ = {
			isa = PBXGroup;
			children = (
				974496DC1E78246100F80197 /* LonghornTestUITests.swift */,
				974496DE1E78246100F80197 /* Info.plist */,
			);
			path = LonghornTestUITests;
			sourceTree = "<group>";
		};
/* End PBXGroup section */

/* Begin PBXNativeTarget section */
		974496B81E78246100F80197 /* LonghornTest */ = {
			isa = PBXNativeTarget;
			buildConfigurationList = 974496E11E78246100F80197 /* Build configuration list for PBXNativeTarget "LonghornTest" */;
			buildPhases = (
				974496B51E78246100F80197 /* Sources */,
				974496B61E78246100F80197 /* Frameworks */,
				974496B71E78246100F80197 /* Resources */,
			);
			buildRules = (
			);
			dependencies = (
			);
			name = LonghornTest;
			productName = LonghornTest;
			productReference = 974496B91E78246100F80197 /* LonghornTest.app */;
			productType = "com.apple.product-type.application";
		};
		974496CC1E78246100F80197 /* LonghornTestTests */ = {
			isa = PBXNativeTarget;
			buildConfigurationList = 974496E41E78246100F80197 /* Build configuration list for PBXNativeTarget "LonghornTestTests" */;
			buildPhases = (
				974496C91E78246100F80197 /* Sources */,
				974496CA1E78246100F80197 /* Frameworks */,
				974496CB1E78246100F80197 /* Resources */,
			);
			buildRules = (
			);
			dependencies = (
				974496CF1E78246100F80197 /* PBXTargetDependency */,
			);
			name = LonghornTestTests;
			productName = LonghornTestTests;
			productReference = 974496CD1E78246100F80197 /* LonghornTestTests.xctest */;
			productType = "com.apple.product-type.bundle.unit-test";
		};
		974496D71E78246100F80197 /* LonghornTestUITests */ = {
			isa = PBXNativeTarget;
			buildConfigurationList = 974496E71E78246100F80197 /* Build configuration list for PBXNativeTarget "LonghornTestUITests" */;
			buildPhases = (
				974496D41E78246100F80197 /* Sources */,
				974496D51E78246100F80197 /* Frameworks */,
				974496D61E78246100F80197 /* Resources */,
			);
			buildRules = (
			);
			dependencies = (
				974496DA1E78246100F80197 /* PBXTargetDependency */,
			);
			name = LonghornTestUITests;
			productName = LonghornTestUITests;
			productReference = 974496D81E78246100F80197 /* LonghornTestUITests.xctest */;
			productType = "com.apple.product-type.bundle.ui-testing";
		};
/* End PBXNativeTarget section */

/* Begin PBXProject section */
		974496B11E78246100F80197 /* Project object */ = {
			isa = PBXProject;
			attributes = {
				LastSwiftUpdateCheck = 0820;
				LastUpgradeCheck = 0820;
				ORGANIZATIONNAME = Photon;
				TargetAttributes = {
					974496B81E78246100F80197 = {
						CreatedOnToolsVersion = 8.2;
						ProvisioningStyle = Automatic;
					};
					974496CC1E78246100F80197 = {
						CreatedOnToolsVersion = 8.2;
						ProvisioningStyle = Automatic;
						TestTargetID = 974496B81E78246100F80197;
					};
					974496D71E78246100F80197 = {
						CreatedOnToolsVersion = 8.2;
						ProvisioningStyle = Automatic;
						TestTargetID = 974496B81E78246100F80197;
					};
				};
			};
			buildConfigurationList = 974496B41E78246100F80197 /* Build configuration list for PBXProject "LonghornTest" */;
			compatibilityVersion = "Xcode 3.2";
			developmentRegion = English;
			hasScannedForEncodings = 0;
			knownRegions = (
				en,
				Base,
			);
			mainGroup = 974496B01E78246100F80197;
			productRefGroup = 974496BA1E78246100F80197 /* Products */;
			projectDirPath = "";
			projectRoot = "";
			targets = (
				974496B81E78246100F80197 /* LonghornTest */,
				974496CC1E78246100F80197 /* LonghornTestTests */,
				974496D71E78246100F80197 /* LonghornTestUITests */,
			);
		};
/* End PBXProject section */

/* Begin PBXResourcesBuildPhase section */
		974496B71E78246100F80197 /* Resources */ = {
			isa = PBXResourcesBuildPhase;
			buildActionMask = 2147483647;
			files = (
				974496C71E78246100F80197 /* LaunchScreen.storyboard in Resources */,
				974496C41E78246100F80197 /* Assets.xcassets in Resources */,
				974496C21E78246100F80197 /* Main.storyboard in Resources */,
			);
			runOnlyForDeploymentPostprocessing = 0;
		};
		974496CB1E78246100F80197 /* Resources */ = {
			isa = PBXResourcesBuildPhase;
			buildActionMask = 2147483647;
			files = (
			);
			runOnlyForDeploymentPostprocessing = 0;
		};
		974496D61E78246100F80197 /* Resources */ = {
			isa = PBXResourcesBuildPhase;
			buildActionMask = 2147483647;
			files = (
			);
			runOnlyForDeploymentPostprocessing = 0;
		};
/* End PBXResourcesBuildPhase section */

/* Begin PBXSourcesBuildPhase section */
		974496B51E78246100F80197 /* Sources */ = {
			isa = PBXSourcesBuildPhase;
			buildActionMask = 2147483647;
			files = (
				974496BF1E78246100F80197 /* ViewController.swift in Sources */,
				974496BD1E78246100F80197 /* AppDelegate.swift in Sources */,
			);
			runOnlyForDeploymentPostprocessing = 0;
		};
		974496C91E78246100F80197 /* Sources */ = {
			isa = PBXSourcesBuildPhase;
			buildActionMask = 2147483647;
			files = (
				974496D21E78246100F80197 /* LonghornTestTests.swift in Sources */,
			);
			runOnlyForDeploymentPostprocessing = 0;
		};
		974496D41E78246100F80197 /* Sources */ = {
			isa = PBXSourcesBuildPhase;
			buildActionMask = 2147483647;
			files = (
				974496DD1E78246100F80197 /* LonghornTestUITests.swift in Sources */,
			);
			runOnlyForDeploymentPostprocessing = 0;
		};
/* End PBXSourcesBuildPhase section */

/* Begin PBXTargetDependency section */
		974496CF1E78246100F80197 /* PBXTargetDependency */ = {
			isa = PBXTargetDependency;
			target = 974496B81E78246100F80197 /* LonghornTest */;
			targetProxy = 974496CE1E78246100F80197 /* PBXContainerItemProxy */;
		};
		974496DA1E78246100F80197 /* PBXTargetDependency */ = {
			isa = PBXTargetDependency;
			target = 974496B81E78246100F80197 /* LonghornTest */;
			targetProxy = 974496D91E78246100F80197 /* PBXContainerItemProxy */;
		};
/* End PBXTargetDependency section */

/* Begin PBXVariantGroup section */
		974496C01E78246100F80197 /* Main.storyboard */ = {
			isa = PBXVariantGroup;
			children = (
				974496C11E78246100F80197 /* Base */,
			);
			name = Main.storyboard;
			sourceTree = "<group>";
		};
		974496C51E78246100F80197 /* LaunchScreen.storyboard */ = {
			isa = PBXVariantGroup;
			children = (
				974496C61E78246100F80197 /* Base */,
			);
			name = LaunchScreen.storyboard;
			sourceTree = "<group>";
		};
/* End PBXVariantGroup section */

/* Begin XCBuildConfiguration section */
		974496DF1E78246100F80197 /* Debug */ = {
			isa = XCBuildConfiguration;
			buildSettings = {
				ALWAYS_SEARCH_USER_PATHS = NO;
				CLANG_ANALYZER_NONNULL = YES;
				CLANG_CXX_LANGUAGE_STANDARD = "gnu++0x";
				CLANG_CXX_LIBRARY = "libc++";
				CLANG_ENABLE_MODULES = YES;
				CLANG_ENABLE_OBJC_ARC = YES;
				CLANG_WARN_BOOL_CONVERSION = YES;
				CLANG_WARN_CONSTANT_CONVERSION = YES;
				CLANG_WARN_DIRECT_OBJC_ISA_USAGE = YES_ERROR;
				CLANG_WARN_DOCUMENTATION_COMMENTS = YES;
				CLANG_WARN_EMPTY_BODY = YES;
				CLANG_WARN_ENUM_CONVERSION = YES;
				CLANG_WARN_INFINITE_RECURSION = YES;
				CLANG_WARN_INT_CONVERSION = YES;
				CLANG_WARN_OBJC_ROOT_CLASS = YES_ERROR;
				CLANG_WARN_SUSPICIOUS_MOVE = YES;
				CLANG_WARN_UNREACHABLE_CODE = YES;
				CLANG_WARN__DUPLICATE_METHOD_MATCH = YES;
				"CODE_SIGN_IDENTITY[sdk=iphoneos*]" = "iPhone Developer";
				COPY_PHASE_STRIP = NO;
				DEBUG_INFORMATION_FORMAT = dwarf;
				ENABLE_STRICT_OBJC_MSGSEND = YES;
				ENABLE_TESTABILITY = YES;
				GCC_C_LANGUAGE_STANDARD = gnu99;
				GCC_DYNAMIC_NO_PIC = NO;
				GCC_NO_COMMON_BLOCKS = YES;
				GCC_OPTIMIZATION_LEVEL = 0;
				GCC_PREPROCESSOR_DEFINITIONS = (
					"DEBUG=1",
					"$(inherited)",
				);
				GCC_WARN_64_TO_32_BIT_CONVERSION = YES;
				GCC_WARN_ABOUT_RETURN_TYPE = YES_ERROR;
				GCC_WARN_UNDECLARED_SELECTOR = YES;
				GCC_WARN_UNINITIALIZED_AUTOS = YES_AGGRESSIVE;
				GCC_WARN_UNUSED_FUNCTION = YES;
				GCC_WARN_UNUSED_VARIABLE = YES;
				IPHONEOS_DEPLOYMENT_TARGET = 10.2;
				MTL_ENABLE_DEBUG_INFO = YES;
				ONLY_ACTIVE_ARCH = YES;
				SDKROOT = iphoneos;
				SWIFT_ACTIVE_COMPILATION_CONDITIONS = DEBUG;
				SWIFT_OPTIMIZATION_LEVEL = "-Onone";
				TARGETED_DEVICE_FAMILY = "1,2";
			};
			name = Debug;
		};
		974496E01E78246100F80197 /* Release */ = {
			isa = XCBuildConfiguration;
			buildSettings = {
				ALWAYS_SEARCH_USER_PATHS = NO;
				CLANG_ANALYZER_NONNULL = YES;
				CLANG_CXX_LANGUAGE_STANDARD = "gnu++0x";
				CLANG_CXX_LIBRARY = "libc++";
				CLANG_ENABLE_MODULES = YES;
				CLANG_ENABLE_OBJC_ARC = YES;
				CLANG_WARN_BOOL_CONVERSION = YES;
				CLANG_WARN_CONSTANT_CONVERSION = YES;
				CLANG_WARN_DIRECT_OBJC_ISA_USAGE = YES_ERROR;
				CLANG_WARN_DOCUMENTATION_COMMENTS = YES;
				CLANG_WARN_EMPTY_BODY = YES;
				CLANG_WARN_ENUM_CONVERSION = YES;
				CLANG_WARN_INFINITE_RECURSION = YES;
				CLANG_WARN_INT_CONVERSION = YES;
				CLANG_WARN_OBJC_ROOT_CLASS = YES_ERROR;
				CLANG_WARN_SUSPICIOUS_MOVE = YES;
				CLANG_WARN_UNREACHABLE_CODE = YES;
				CLANG_WARN__DUPLICATE_METHOD_MATCH = YES;
				"CODE_SIGN_IDENTITY[sdk=iphoneos*]" = "iPhone Developer";
				COPY_PHASE_STRIP = NO;
				DEBUG_INFORMATION_FORMAT = "dwarf-with-dsym";
				ENABLE_NS_ASSERTIONS = NO;
				ENABLE_STRICT_OBJC_MSGSEND = YES;
				GCC_C_LANGUAGE_STANDARD = gnu99;
				GCC_NO_COMMON_BLOCKS = YES;
				GCC_WARN_64_TO_32_BIT_CONVERSION = YES;
				GCC_WARN_ABOUT_RETURN_TYPE = YES_ERROR;
				GCC_WARN_UNDECLARED_SELECTOR = YES;
				GCC_WARN_UNINITIALIZED_AUTOS = YES_AGGRESSIVE;
				GCC_WARN_UNUSED_FUNCTION = YES;
				GCC_WARN_UNUSED_VARIABLE = YES;
				IPHONEOS_DEPLOYMENT_TARGET = 10.2;
				MTL_ENABLE_DEBUG_INFO = NO;
				SDKROOT = iphoneos;
				SWIFT_OPTIMIZATION_LEVEL = "-Owholemodule";
				TARGETED_DEVICE_FAMILY = "1,2";
				VALIDATE_PRODUCT = YES;
			};
			name = Release;
		};
		974496E21E78246100F80197 /* Debug */ = {
			isa = XCBuildConfiguration;
			buildSettings = {
				ASSETCATALOG_COMPILER_APPICON_NAME = AppIcon;
				INFOPLIST_FILE = LonghornTest/Info.plist;
				LD_RUNPATH_SEARCH_PATHS = "$(inherited) @executable_path/Frameworks";
				PRODUCT_BUNDLE_IDENTIFIER = com.photon.LonghornTest;
				PRODUCT_NAME = "$(TARGET_NAME)";
				SWIFT_VERSION = 3.0;
			};
			name = Debug;
		};
		974496E31E78246100F80197 /* Release */ = {
			isa = XCBuildConfiguration;
			buildSettings = {
				ASSETCATALOG_COMPILER_APPICON_NAME = AppIcon;
				INFOPLIST_FILE = LonghornTest/Info.plist;
				LD_RUNPATH_SEARCH_PATHS = "$(inherited) @executable_path/Frameworks";
				PRODUCT_BUNDLE_IDENTIFIER = com.photon.LonghornTest;
				PRODUCT_NAME = "$(TARGET_NAME)";
				SWIFT_VERSION = 3.0;
			};
			name = Release;
		};
		974496E51E78246100F80197 /* Debug */ = {
			isa = XCBuildConfiguration;
			buildSettings = {
				ALWAYS_EMBED_SWIFT_STANDARD_LIBRARIES = YES;
				BUNDLE_LOADER = "$(TEST_HOST)";
				INFOPLIST_FILE = LonghornTestTests/Info.plist;
				LD_RUNPATH_SEARCH_PATHS = "$(inherited) @executable_path/Frameworks @loader_path/Frameworks";
				PRODUCT_BUNDLE_IDENTIFIER = com.photon.LonghornTestTests;
				PRODUCT_NAME = "$(TARGET_NAME)";
				SWIFT_VERSION = 3.0;
				TEST_HOST = "$(BUILT_PRODUCTS_DIR)/LonghornTest.app/LonghornTest";
			};
			name = Debug;
		};
		974496E61E78246100F80197 /* Release */ = {
			isa = XCBuildConfiguration;
			buildSettings = {
				ALWAYS_EMBED_SWIFT_STANDARD_LIBRARIES = YES;
				BUNDLE_LOADER = "$(TEST_HOST)";
				INFOPLIST_FILE = LonghornTestTests/Info.plist;
				LD_RUNPATH_SEARCH_PATHS = "$(inherited) @executable_path/Frameworks @loader_path/Frameworks";
				PRODUCT_BUNDLE_IDENTIFIER = com.photon.LonghornTestTests;
				PRODUCT_NAME = "$(TARGET_NAME)";
				SWIFT_VERSION = 3.0;
				TEST_HOST = "$(BUILT_PRODUCTS_DIR)/LonghornTest.app/LonghornTest";
			};
			name = Release;
		};
		974496E81E78246100F80197 /* Debug */ = {
			isa = XCBuildConfiguration;
			buildSettings = {
				ALWAYS_EMBED_SWIFT_STANDARD_LIBRARIES = YES;
				INFOPLIST_FILE = LonghornTestUITests/Info.plist;
				LD_RUNPATH_SEARCH_PATHS = "$(inherited) @executable_path/Frameworks @loader_path/Frameworks";
				PRODUCT_BUNDLE_IDENTIFIER = com.photon.LonghornTestUITests;
				PRODUCT_NAME = "$(TARGET_NAME)";
				SWIFT_VERSION = 3.0;
				TEST_TARGET_NAME = LonghornTest;
			};
			name = Debug;
		};
		974496E91E78246100F80197 /* Release */ = {
			isa = XCBuildConfiguration;
			buildSettings = {
				ALWAYS_EMBED_SWIFT_STANDARD_LIBRARIES = YES;
				INFOPLIST_FILE = LonghornTestUITests/Info.plist;
				LD_RUNPATH_SEARCH_PATHS = "$(inherited) @executable_path/Frameworks @loader_path/Frameworks";
				PRODUCT_BUNDLE_IDENTIFIER = com.photon.LonghornTestUITests;
				PRODUCT_NAME = "$(TARGET_NAME)";
				SWIFT_VERSION = 3.0;
				TEST_TARGET_NAME = LonghornTest;
			};
			name = Release;
		};
/* End XCBuildConfiguration section */

/* Begin XCConfigurationList section */
		974496B41E78246100F80197 /* Build configuration list for PBXProject "LonghornTest" */ = {
			isa = XCConfigurationList;
			buildConfigurations = (
				974496DF1E78246100F80197 /* Debug */,
				974496E01E78246100F80197 /* Release */,
			);
			defaultConfigurationIsVisible = 0;
			defaultConfigurationName = Release;
		};
		974496E11E78246100F80197 /* Build configuration list for PBXNativeTarget "LonghornTest" */ = {
			isa = XCConfigurationList;
			buildConfigurations = (
				974496E21E78246100F80197 /* Debug */,
				974496E31E78246100F80197 /* Release */,
			);
			defaultConfigurationIsVisible = 0;
		};
		974496E41E78246100F80197 /* Build configuration list for PBXNativeTarget "LonghornTestTests" */ = {
			isa = XCConfigurationList;
			buildConfigurations = (
				974496E51E78246100F80197 /* Debug */,
				974496E61E78246100F80197 /* Release */,
			);
			defaultConfigurationIsVisible = 0;
		};
		974496E71E78246100F80197 /* Build configuration list for PBXNativeTarget "LonghornTestUITests" */ = {
			isa = XCConfigurationList;
			buildConfigurations = (
				974496E81E78246100F80197 /* Debug */,
				974496E91E78246100F80197 /* Release */,
			);
			defaultConfigurationIsVisible = 0;
		};
/* End XCConfigurationList section */
	};
	rootObject = 974496B11E78246100F80197 /* Project object */;
}
